
Microsoft Visual Studio Solution File, Format Version 12.00
# Visual Studio Version 17
VisualStudioVersion = 17.0.32126.317
MinimumVisualStudioVersion = 10.0.40219.1
Project("{9A19103F-16F7-4668-BE54-9A1E7A4F7556}") = "ProgressFit.API", "ProgressFit.API\ProgressFit.API.csproj", "{2DE51306-D007-41EE-9BC3-2200217B5DD3}"
EndProject
Project("{9A19103F-16F7-4668-BE54-9A1E7A4F7556}") = "ProgressFit.Data", "ProgressFit.Data\ProgressFit.Data.csproj", "{71AC20A6-3DA7-452F-B6C8-9606065D5746}"
EndProject
Project("{9A19103F-16F7-4668-BE54-9A1E7A4F7556}") = "ProgressFit.Domain", "ProgressFit.Domain\ProgressFit.Domain.csproj", "{60F7D498-3B2F-4738-869A-753AE7D606E5}"
EndProject
Project("{9A19103F-16F7-4668-BE54-9A1E7A4F7556}") = "ProgressFit.Shared", "ProgressFit.Shared\ProgressFit.Shared.csproj", "{9CFAB2F7-E1E4-4FE6-973D-B9A14A8DAEAC}"
EndProject
Project("{9A19103F-16F7-4668-BE54-9A1E7A4F7556}") = "ProgressFit.Identity", "ProgressFit.Identity\ProgressFit.Identity.csproj", "{E1DC023A-25F7-4BA1-ADE1-2A04A7A0162F}"
EndProject
Project("{FAE04EC0-301F-11D3-BF4B-00C04F79EFBC}") = "ProgressFit.Mobile", "ProgressFit.Mobile\ProgressFit.Mobile.csproj", "{DEBA51F6-C3EE-41B7-B3F9-7149A12B5F4D}"
EndProject
Global
	GlobalSection(SolutionConfigurationPlatforms) = preSolution
		Debug|Any CPU = Debug|Any CPU
		Debug|iPhone = Debug|iPhone
		Debug|iPhoneSimulator = Debug|iPhoneSimulator
		Release|Any CPU = Release|Any CPU
		Release|iPhone = Release|iPhone
		Release|iPhoneSimulator = Release|iPhoneSimulator
	EndGlobalSection
	GlobalSection(ProjectConfigurationPlatforms) = postSolution
		{2DE51306-D007-41EE-9BC3-2200217B5DD3}.Debug|Any CPU.ActiveCfg = Debug|Any CPU
		{2DE51306-D007-41EE-9BC3-2200217B5DD3}.Debug|Any CPU.Build.0 = Debug|Any CPU
		{2DE51306-D007-41EE-9BC3-2200217B5DD3}.Debug|iPhone.ActiveCfg = Debug|Any CPU
		{2DE51306-D007-41EE-9BC3-2200217B5DD3}.Debug|iPhone.Build.0 = Debug|Any CPU
		{2DE51306-D007-41EE-9BC3-2200217B5DD3}.Debug|iPhoneSimulator.ActiveCfg = Debug|Any CPU
		{2DE51306-D007-41EE-9BC3-2200217B5DD3}.Debug|iPhoneSimulator.Build.0 = Debug|Any CPU
		{2DE51306-D007-41EE-9BC3-2200217B5DD3}.Release|Any CPU.ActiveCfg = Release|Any CPU
		{2DE51306-D007-41EE-9BC3-2200217B5DD3}.Release|Any CPU.Build.0 = Release|Any CPU
		{2DE51306-D007-41EE-9BC3-2200217B5DD3}.Release|iPhone.ActiveCfg = Release|Any CPU
		{2DE51306-D007-41EE-9BC3-2200217B5DD3}.Release|iPhone.Build.0 = Release|Any CPU
		{2DE51306-D007-41EE-9BC3-2200217B5DD3}.Release|iPhoneSimulator.ActiveCfg = Release|Any CPU
		{2DE51306-D007-41EE-9BC3-2200217B5DD3}.Release|iPhoneSimulator.Build.0 = Release|Any CPU
		{71AC20A6-3DA7-452F-B6C8-9606065D5746}.Debug|Any CPU.ActiveCfg = Debug|Any CPU
		{71AC20A6-3DA7-452F-B6C8-9606065D5746}.Debug|Any CPU.Build.0 = Debug|Any CPU
		{71AC20A6-3DA7-452F-B6C8-9606065D5746}.Debug|iPhone.ActiveCfg = Debug|Any CPU
		{71AC20A6-3DA7-452F-B6C8-9606065D5746}.Debug|iPhone.Build.0 = Debug|Any CPU
		{71AC20A6-3DA7-452F-B6C8-9606065D5746}.Debug|iPhoneSimulator.ActiveCfg = Debug|Any CPU
		{71AC20A6-3DA7-452F-B6C8-9606065D5746}.Debug|iPhoneSimulator.Build.0 = Debug|Any CPU
		{71AC20A6-3DA7-452F-B6C8-9606065D5746}.Release|Any CPU.ActiveCfg = Release|Any CPU
		{71AC20A6-3DA7-452F-B6C8-9606065D5746}.Release|Any CPU.Build.0 = Release|Any CPU
		{71AC20A6-3DA7-452F-B6C8-9606065D5746}.Release|iPhone.ActiveCfg = Release|Any CPU
		{71AC20A6-3DA7-452F-B6C8-9606065D5746}.Release|iPhone.Build.0 = Release|Any CPU
		{71AC20A6-3DA7-452F-B6C8-9606065D5746}.Release|iPhoneSimulator.ActiveCfg = Release|Any CPU
		{71AC20A6-3DA7-452F-B6C8-9606065D5746}.Release|iPhoneSimulator.Build.0 = Release|Any CPU
		{60F7D498-3B2F-4738-869A-753AE7D606E5}.Debug|Any CPU.ActiveCfg = Debug|Any CPU
		{60F7D498-3B2F-4738-869A-753AE7D606E5}.Debug|Any CPU.Build.0 = Debug|Any CPU
		{60F7D498-3B2F-4738-869A-753AE7D606E5}.Debug|iPhone.ActiveCfg = Debug|Any CPU
		{60F7D498-3B2F-4738-869A-753AE7D606E5}.Debug|iPhone.Build.0 = Debug|Any CPU
		{60F7D498-3B2F-4738-869A-753AE7D606E5}.Debug|iPhoneSimulator.ActiveCfg = Debug|Any CPU
		{60F7D498-3B2F-4738-869A-753AE7D606E5}.Debug|iPhoneSimulator.Build.0 = Debug|Any CPU
		{60F7D498-3B2F-4738-869A-753AE7D606E5}.Release|Any CPU.ActiveCfg = Release|Any CPU
		{60F7D498-3B2F-4738-869A-753AE7D606E5}.Release|Any CPU.Build.0 = Release|Any CPU
		{60F7D498-3B2F-4738-869A-753AE7D606E5}.Release|iPhone.ActiveCfg = Release|Any CPU
		{60F7D498-3B2F-4738-869A-753AE7D606E5}.Release|iPhone.Build.0 = Release|Any CPU
		{60F7D498-3B2F-4738-869A-753AE7D606E5}.Release|iPhoneSimulator.ActiveCfg = Release|Any CPU
		{60F7D498-3B2F-4738-869A-753AE7D606E5}.Release|iPhoneSimulator.Build.0 = Release|Any CPU
		{9CFAB2F7-E1E4-4FE6-973D-B9A14A8DAEAC}.Debug|Any CPU.ActiveCfg = Debug|Any CPU
		{9CFAB2F7-E1E4-4FE6-973D-B9A14A8DAEAC}.Debug|Any CPU.Build.0 = Debug|Any CPU
		{9CFAB2F7-E1E4-4FE6-973D-B9A14A8DAEAC}.Debug|iPhone.ActiveCfg = Debug|Any CPU
		{9CFAB2F7-E1E4-4FE6-973D-B9A14A8DAEAC}.Debug|iPhone.Build.0 = Debug|Any CPU
		{9CFAB2F7-E1E4-4FE6-973D-B9A14A8DAEAC}.Debug|iPhoneSimulator.ActiveCfg = Debug|Any CPU
		{9CFAB2F7-E1E4-4FE6-973D-B9A14A8DAEAC}.Debug|iPhoneSimulator.Build.0 = Debug|Any CPU
		{9CFAB2F7-E1E4-4FE6-973D-B9A14A8DAEAC}.Release|Any CPU.ActiveCfg = Release|Any CPU
		{9CFAB2F7-E1E4-4FE6-973D-B9A14A8DAEAC}.Release|Any CPU.Build.0 = Release|Any CPU
		{9CFAB2F7-E1E4-4FE6-973D-B9A14A8DAEAC}.Release|iPhone.ActiveCfg = Release|Any CPU
		{9CFAB2F7-E1E4-4FE6-973D-B9A14A8DAEAC}.Release|iPhone.Build.0 = Release|Any CPU
		{9CFAB2F7-E1E4-4FE6-973D-B9A14A8DAEAC}.Release|iPhoneSimulator.ActiveCfg = Release|Any CPU
		{9CFAB2F7-E1E4-4FE6-973D-B9A14A8DAEAC}.Release|iPhoneSimulator.Build.0 = Release|Any CPU
		{E1DC023A-25F7-4BA1-ADE1-2A04A7A0162F}.Debug|Any CPU.ActiveCfg = Debug|Any CPU
		{E1DC023A-25F7-4BA1-ADE1-2A04A7A0162F}.Debug|Any CPU.Build.0 = Debug|Any CPU
		{E1DC023A-25F7-4BA1-ADE1-2A04A7A0162F}.Debug|iPhone.ActiveCfg = Debug|Any CPU
		{E1DC023A-25F7-4BA1-ADE1-2A04A7A0162F}.Debug|iPhone.Build.0 = Debug|Any CPU
		{E1DC023A-25F7-4BA1-ADE1-2A04A7A0162F}.Debug|iPhoneSimulator.ActiveCfg = Debug|Any CPU
		{E1DC023A-25F7-4BA1-ADE1-2A04A7A0162F}.Debug|iPhoneSimulator.Build.0 = Debug|Any CPU
		{E1DC023A-25F7-4BA1-ADE1-2A04A7A0162F}.Release|Any CPU.ActiveCfg = Release|Any CPU
		{E1DC023A-25F7-4BA1-ADE1-2A04A7A0162F}.Release|Any CPU.Build.0 = Release|Any CPU
		{E1DC023A-25F7-4BA1-ADE1-2A04A7A0162F}.Release|iPhone.ActiveCfg = Release|Any CPU
		{E1DC023A-25F7-4BA1-ADE1-2A04A7A0162F}.Release|iPhone.Build.0 = Release|Any CPU
		{E1DC023A-25F7-4BA1-ADE1-2A04A7A0162F}.Release|iPhoneSimulator.ActiveCfg = Release|Any CPU
		{E1DC023A-25F7-4BA1-ADE1-2A04A7A0162F}.Release|iPhoneSimulator.Build.0 = Release|Any CPU
		{DEBA51F6-C3EE-41B7-B3F9-7149A12B5F4D}.Debug|Any CPU.ActiveCfg = Debug|Any CPU
		{DEBA51F6-C3EE-41B7-B3F9-7149A12B5F4D}.Debug|Any CPU.Build.0 = Debug|Any CPU
		{DEBA51F6-C3EE-41B7-B3F9-7149A12B5F4D}.Debug|Any CPU.Deploy.0 = Debug|Any CPU
		{DEBA51F6-C3EE-41B7-B3F9-7149A12B5F4D}.Debug|iPhone.ActiveCfg = Debug|Any CPU
		{DEBA51F6-C3EE-41B7-B3F9-7149A12B5F4D}.Debug|iPhone.Build.0 = Debug|Any CPU
		{DEBA51F6-C3EE-41B7-B3F9-7149A12B5F4D}.Debug|iPhone.Deploy.0 = Debug|Any CPU
		{DEBA51F6-C3EE-41B7-B3F9-7149A12B5F4D}.Debug|iPhoneSimulator.ActiveCfg = Debug|Any CPU
		{DEBA51F6-C3EE-41B7-B3F9-7149A12B5F4D}.Debug|iPhoneSimulator.Build.0 = Debug|Any CPU
		{DEBA51F6-C3EE-41B7-B3F9-7149A12B5F4D}.Debug|iPhoneSimulator.Deploy.0 = Debug|Any CPU
		{DEBA51F6-C3EE-41B7-B3F9-7149A12B5F4D}.Release|Any CPU.ActiveCfg = Release|Any CPU
		{DEBA51F6-C3EE-41B7-B3F9-7149A12B5F4D}.Release|Any CPU.Build.0 = Release|Any CPU
		{DEBA51F6-C3EE-41B7-B3F9-7149A12B5F4D}.Release|Any CPU.Deploy.0 = Release|Any CPU
		{DEBA51F6-C3EE-41B7-B3F9-7149A12B5F4D}.Release|iPhone.ActiveCfg = Release|Any CPU
		{DEBA51F6-C3EE-41B7-B3F9-7149A12B5F4D}.Release|iPhone.Build.0 = Release|Any CPU
		{DEBA51F6-C3EE-41B7-B3F9-7149A12B5F4D}.Release|iPhone.Deploy.0 = Release|Any CPU
		{DEBA51F6-C3EE-41B7-B3F9-7149A12B5F4D}.Release|iPhoneSimulator.ActiveCfg = Release|Any CPU
		{DEBA51F6-C3EE-41B7-B3F9-7149A12B5F4D}.Release|iPhoneSimulator.Build.0 = Release|Any CPU
		{DEBA51F6-C3EE-41B7-B3F9-7149A12B5F4D}.Release|iPhoneSimulator.Deploy.0 = Release|Any CPU
	EndGlobalSection
	GlobalSection(SolutionProperties) = preSolution
		HideSolutionNode = FALSE
	EndGlobalSection
	GlobalSection(ExtensibilityGlobals) = postSolution
		SolutionGuid = {A01C63CE-E668-4341-98D8-2106EE249191}
	EndGlobalSection
EndGlobal
